
Microsoft Visual Studio Solution File, Format Version 12.00
# Visual Studio Version 17
VisualStudioVersion = 17.4.33213.308
MinimumVisualStudioVersion = 10.0.40219.1
Project("{FAE04EC0-301F-11D3-BF4B-00C04F79EFBC}") = "WinEventListenerApp", "WinEventListenerApp.csproj", "{58AFB30F-760C-4F6B-9B24-7D4A5ABCB57A}"
EndProject
Project("{FAE04EC0-301F-11D3-BF4B-00C04F79EFBC}") = "WelLib", "..\WelLib\WelLib.csproj", "{736B5B0D-9706-4CDF-983B-789E664B4D76}"
EndProject
Global
	GlobalSection(SolutionConfigurationPlatforms) = preSolution
		Debug|Any CPU = Debug|Any CPU
		Release|Any CPU = Release|Any CPU
	EndGlobalSection
	GlobalSection(ProjectConfigurationPlatforms) = postSolution
		{58AFB30F-760C-4F6B-9B24-7D4A5ABCB57A}.Debug|Any CPU.ActiveCfg = Debug|Any CPU
		{58AFB30F-760C-4F6B-9B24-7D4A5ABCB57A}.Debug|Any CPU.Build.0 = Debug|Any CPU
		{58AFB30F-760C-4F6B-9B24-7D4A5ABCB57A}.Release|Any CPU.ActiveCfg = Release|Any CPU
		{58AFB30F-760C-4F6B-9B24-7D4A5ABCB57A}.Release|Any CPU.Build.0 = Release|Any CPU
		{736B5B0D-9706-4CDF-983B-789E664B4D76}.Debug|Any CPU.ActiveCfg = Debug|Any CPU
		{736B5B0D-9706-4CDF-983B-789E664B4D76}.Debug|Any CPU.Build.0 = Debug|Any CPU
		{736B5B0D-9706-4CDF-983B-789E664B4D76}.Release|Any CPU.ActiveCfg = Release|Any CPU
		{736B5B0D-9706-4CDF-983B-789E664B4D76}.Release|Any CPU.Build.0 = Release|Any CPU
	EndGlobalSection
	GlobalSection(SolutionProperties) = preSolution
		HideSolutionNode = FALSE
	EndGlobalSection
	GlobalSection(ExtensibilityGlobals) = postSolution
		SolutionGuid = {2988D9E3-79D6-4FD3-BDA1-E4D74A4A6C5E}
	EndGlobalSection
EndGlobal
